// !$*UTF8*$!
{
	archiveVersion = 1;
	classes = {
	};
	objectVersion = 77;
	objects = {

/* Begin PBXBuildFile section */
		F830B3DC2E645A6800F8CE28 /* SourceSelection in Frameworks */ = {isa = PBXBuildFile; productRef = F830B3DB2E645A6800F8CE28 /* SourceSelection */; };
		F866B9A72E62A5CA00841BE0 /* RestClient in Frameworks */ = {isa = PBXBuildFile; productRef = F866B9A62E62A5CA00841BE0 /* RestClient */; };
		F89FCA8B2E63062B00BB82A7 /* Debug.xcconfig in Resources */ = {isa = PBXBuildFile; fileRef = F89FCA8A2E63062B00BB82A7 /* Debug.xcconfig */; };
/* End PBXBuildFile section */

/* Begin PBXContainerItemProxy section */
		F8D3B69C2E626C5100C59C08 /* PBXContainerItemProxy */ = {
			isa = PBXContainerItemProxy;
			containerPortal = F8D3B6842E626C4F00C59C08 /* Project object */;
			proxyType = 1;
			remoteGlobalIDString = F8D3B68B2E626C4F00C59C08;
			remoteInfo = Newsline;
		};
		F8D3B6A62E626C5100C59C08 /* PBXContainerItemProxy */ = {
			isa = PBXContainerItemProxy;
			containerPortal = F8D3B6842E626C4F00C59C08 /* Project object */;
			proxyType = 1;
			remoteGlobalIDString = F8D3B68B2E626C4F00C59C08;
			remoteInfo = Newsline;
		};
/* End PBXContainerItemProxy section */

/* Begin PBXFileReference section */
		F89FCA8A2E63062B00BB82A7 /* Debug.xcconfig */ = {isa = PBXFileReference; lastKnownFileType = text.xcconfig; path = Debug.xcconfig; sourceTree = "<group>"; };
		F8D3B68C2E626C4F00C59C08 /* Newsline.app */ = {isa = PBXFileReference; explicitFileType = wrapper.application; includeInIndex = 0; path = Newsline.app; sourceTree = BUILT_PRODUCTS_DIR; };
		F8D3B69B2E626C5100C59C08 /* NewslineTests.xctest */ = {isa = PBXFileReference; explicitFileType = wrapper.cfbundle; includeInIndex = 0; path = NewslineTests.xctest; sourceTree = BUILT_PRODUCTS_DIR; };
		F8D3B6A52E626C5100C59C08 /* NewslineUITests.xctest */ = {isa = PBXFileReference; explicitFileType = wrapper.cfbundle; includeInIndex = 0; path = NewslineUITests.xctest; sourceTree = BUILT_PRODUCTS_DIR; };
/* End PBXFileReference section */

/* Begin PBXFileSystemSynchronizedBuildFileExceptionSet section */
		F89FCA892E6305F800BB82A7 /* Exceptions for "Newsline" folder in "Newsline" target */ = {
			isa = PBXFileSystemSynchronizedBuildFileExceptionSet;
			membershipExceptions = (
				Info.plist,
			);
			target = F8D3B68B2E626C4F00C59C08 /* Newsline */;
		};
/* End PBXFileSystemSynchronizedBuildFileExceptionSet section */

/* Begin PBXFileSystemSynchronizedRootGroup section */
		F8D3B68E2E626C4F00C59C08 /* Newsline */ = {
			isa = PBXFileSystemSynchronizedRootGroup;
			exceptions = (
				F89FCA892E6305F800BB82A7 /* Exceptions for "Newsline" folder in "Newsline" target */,
			);
			path = Newsline;
			sourceTree = "<group>";
		};
		F8D3B69E2E626C5100C59C08 /* NewslineTests */ = {
			isa = PBXFileSystemSynchronizedRootGroup;
			path = NewslineTests;
			sourceTree = "<group>";
		};
		F8D3B6A82E626C5100C59C08 /* NewslineUITests */ = {
			isa = PBXFileSystemSynchronizedRootGroup;
			path = NewslineUITests;
			sourceTree = "<group>";
		};
/* End PBXFileSystemSynchronizedRootGroup section */

/* Begin PBXFrameworksBuildPhase section */
		F8D3B6892E626C4F00C59C08 /* Frameworks */ = {
			isa = PBXFrameworksBuildPhase;
			buildActionMask = 2147483647;
			files = (
				F830B3DC2E645A6800F8CE28 /* SourceSelection in Frameworks */,
				F866B9A72E62A5CA00841BE0 /* RestClient in Frameworks */,
			);
			runOnlyForDeploymentPostprocessing = 0;
		};
		F8D3B6982E626C5100C59C08 /* Frameworks */ = {
			isa = PBXFrameworksBuildPhase;
			buildActionMask = 2147483647;
			files = (
			);
			runOnlyForDeploymentPostprocessing = 0;
		};
		F8D3B6A22E626C5100C59C08 /* Frameworks */ = {
			isa = PBXFrameworksBuildPhase;
			buildActionMask = 2147483647;
			files = (
			);
			runOnlyForDeploymentPostprocessing = 0;
		};
/* End PBXFrameworksBuildPhase section */

/* Begin PBXGroup section */
		F866B9A52E62A5CA00841BE0 /* Frameworks */ = {
			isa = PBXGroup;
			children = (
			);
			name = Frameworks;
			sourceTree = "<group>";
		};
		F8D3B6832E626C4F00C59C08 = {
			isa = PBXGroup;
			children = (
				F8D3B68E2E626C4F00C59C08 /* Newsline */,
				F8D3B69E2E626C5100C59C08 /* NewslineTests */,
				F8D3B6A82E626C5100C59C08 /* NewslineUITests */,
				F866B9A52E62A5CA00841BE0 /* Frameworks */,
				F8D3B68D2E626C4F00C59C08 /* Products */,
				F89FCA8A2E63062B00BB82A7 /* Debug.xcconfig */,
			);
			sourceTree = "<group>";
		};
		F8D3B68D2E626C4F00C59C08 /* Products */ = {
			isa = PBXGroup;
			children = (
				F8D3B68C2E626C4F00C59C08 /* Newsline.app */,
				F8D3B69B2E626C5100C59C08 /* NewslineTests.xctest */,
				F8D3B6A52E626C5100C59C08 /* NewslineUITests.xctest */,
			);
			name = Products;
			sourceTree = "<group>";
		};
/* End PBXGroup section */

/* Begin PBXNativeTarget section */
		F8D3B68B2E626C4F00C59C08 /* Newsline */ = {
			isa = PBXNativeTarget;
			buildConfigurationList = F8D3B6AF2E626C5100C59C08 /* Build configuration list for PBXNativeTarget "Newsline" */;
			buildPhases = (
				F8D3B6882E626C4F00C59C08 /* Sources */,
				F8D3B6892E626C4F00C59C08 /* Frameworks */,
				F8D3B68A2E626C4F00C59C08 /* Resources */,
			);
			buildRules = (
			);
			dependencies = (
			);
			fileSystemSynchronizedGroups = (
				F8D3B68E2E626C4F00C59C08 /* Newsline */,
			);
			name = Newsline;
			packageProductDependencies = (
				F866B9A62E62A5CA00841BE0 /* RestClient */,
				F830B3DB2E645A6800F8CE28 /* SourceSelection */,
			);
			productName = Newsline;
			productReference = F8D3B68C2E626C4F00C59C08 /* Newsline.app */;
			productType = "com.apple.product-type.application";
		};
		F8D3B69A2E626C5100C59C08 /* NewslineTests */ = {
			isa = PBXNativeTarget;
			buildConfigurationList = F8D3B6B22E626C5100C59C08 /* Build configuration list for PBXNativeTarget "NewslineTests" */;
			buildPhases = (
				F8D3B6972E626C5100C59C08 /* Sources */,
				F8D3B6982E626C5100C59C08 /* Frameworks */,
				F8D3B6992E626C5100C59C08 /* Resources */,
			);
			buildRules = (
			);
			dependencies = (
				F8D3B69D2E626C5100C59C08 /* PBXTargetDependency */,
			);
			fileSystemSynchronizedGroups = (
				F8D3B69E2E626C5100C59C08 /* NewslineTests */,
			);
			name = NewslineTests;
			packageProductDependencies = (
			);
			productName = NewslineTests;
			productReference = F8D3B69B2E626C5100C59C08 /* NewslineTests.xctest */;
			productType = "com.apple.product-type.bundle.unit-test";
		};
		F8D3B6A42E626C5100C59C08 /* NewslineUITests */ = {
			isa = PBXNativeTarget;
			buildConfigurationList = F8D3B6B52E626C5100C59C08 /* Build configuration list for PBXNativeTarget "NewslineUITests" */;
			buildPhases = (
				F8D3B6A12E626C5100C59C08 /* Sources */,
				F8D3B6A22E626C5100C59C08 /* Frameworks */,
				F8D3B6A32E626C5100C59C08 /* Resources */,
			);
			buildRules = (
			);
			dependencies = (
				F8D3B6A72E626C5100C59C08 /* PBXTargetDependency */,
			);
			fileSystemSynchronizedGroups = (
				F8D3B6A82E626C5100C59C08 /* NewslineUITests */,
			);
			name = NewslineUITests;
			packageProductDependencies = (
			);
			productName = NewslineUITests;
			productReference = F8D3B6A52E626C5100C59C08 /* NewslineUITests.xctest */;
			productType = "com.apple.product-type.bundle.ui-testing";
		};
/* End PBXNativeTarget section */

/* Begin PBXProject section */
		F8D3B6842E626C4F00C59C08 /* Project object */ = {
			isa = PBXProject;
			attributes = {
				BuildIndependentTargetsInParallel = 1;
				LastSwiftUpdateCheck = 1640;
				LastUpgradeCheck = 1640;
				TargetAttributes = {
					F8D3B68B2E626C4F00C59C08 = {
						CreatedOnToolsVersion = 16.4;
					};
					F8D3B69A2E626C5100C59C08 = {
						CreatedOnToolsVersion = 16.4;
						TestTargetID = F8D3B68B2E626C4F00C59C08;
					};
					F8D3B6A42E626C5100C59C08 = {
						CreatedOnToolsVersion = 16.4;
						TestTargetID = F8D3B68B2E626C4F00C59C08;
					};
				};
			};
			buildConfigurationList = F8D3B6872E626C4F00C59C08 /* Build configuration list for PBXProject "Newsline" */;
			developmentRegion = en;
			hasScannedForEncodings = 0;
			knownRegions = (
				en,
				Base,
			);
			mainGroup = F8D3B6832E626C4F00C59C08;
			minimizedProjectReferenceProxies = 1;
			packageReferences = (
				F8C817652E62760D00A85BEA /* XCLocalSwiftPackageReference "Packages/Network/RestClient" */,
				F830B3B92E6459BD00F8CE28 /* XCLocalSwiftPackageReference "Packages/Features/SourceSelection" */,
			);
			preferredProjectObjectVersion = 77;
			productRefGroup = F8D3B68D2E626C4F00C59C08 /* Products */;
			projectDirPath = "";
			projectRoot = "";
			targets = (
				F8D3B68B2E626C4F00C59C08 /* Newsline */,
				F8D3B69A2E626C5100C59C08 /* NewslineTests */,
				F8D3B6A42E626C5100C59C08 /* NewslineUITests */,
			);
		};
/* End PBXProject section */

/* Begin PBXResourcesBuildPhase section */
		F8D3B68A2E626C4F00C59C08 /* Resources */ = {
			isa = PBXResourcesBuildPhase;
			buildActionMask = 2147483647;
			files = (
				F89FCA8B2E63062B00BB82A7 /* Debug.xcconfig in Resources */,
			);
			runOnlyForDeploymentPostprocessing = 0;
		};
		F8D3B6992E626C5100C59C08 /* Resources */ = {
			isa = PBXResourcesBuildPhase;
			buildActionMask = 2147483647;
			files = (
			);
			runOnlyForDeploymentPostprocessing = 0;
		};
		F8D3B6A32E626C5100C59C08 /* Resources */ = {
			isa = PBXResourcesBuildPhase;
			buildActionMask = 2147483647;
			files = (
			);
			runOnlyForDeploymentPostprocessing = 0;
		};
/* End PBXResourcesBuildPhase section */

/* Begin PBXSourcesBuildPhase section */
		F8D3B6882E626C4F00C59C08 /* Sources */ = {
			isa = PBXSourcesBuildPhase;
			buildActionMask = 2147483647;
			files = (
			);
			runOnlyForDeploymentPostprocessing = 0;
		};
		F8D3B6972E626C5100C59C08 /* Sources */ = {
			isa = PBXSourcesBuildPhase;
			buildActionMask = 2147483647;
			files = (
			);
			runOnlyForDeploymentPostprocessing = 0;
		};
		F8D3B6A12E626C5100C59C08 /* Sources */ = {
			isa = PBXSourcesBuildPhase;
			buildActionMask = 2147483647;
			files = (
			);
			runOnlyForDeploymentPostprocessing = 0;
		};
/* End PBXSourcesBuildPhase section */

/* Begin PBXTargetDependency section */
		F8D3B69D2E626C5100C59C08 /* PBXTargetDependency */ = {
			isa = PBXTargetDependency;
			target = F8D3B68B2E626C4F00C59C08 /* Newsline */;
			targetProxy = F8D3B69C2E626C5100C59C08 /* PBXContainerItemProxy */;
		};
		F8D3B6A72E626C5100C59C08 /* PBXTargetDependency */ = {
			isa = PBXTargetDependency;
			target = F8D3B68B2E626C4F00C59C08 /* Newsline */;
			targetProxy = F8D3B6A62E626C5100C59C08 /* PBXContainerItemProxy */;
		};
/* End PBXTargetDependency section */

/* Begin XCBuildConfiguration section */
		F8D3B6AD2E626C5100C59C08 /* Debug */ = {
			isa = XCBuildConfiguration;
			buildSettings = {
				ALWAYS_SEARCH_USER_PATHS = NO;
				ASSETCATALOG_COMPILER_GENERATE_SWIFT_ASSET_SYMBOL_EXTENSIONS = YES;
				CLANG_ANALYZER_NONNULL = YES;
				CLANG_ANALYZER_NUMBER_OBJECT_CONVERSION = YES_AGGRESSIVE;
				CLANG_CXX_LANGUAGE_STANDARD = "gnu++20";
				CLANG_ENABLE_MODULES = YES;
				CLANG_ENABLE_OBJC_ARC = YES;
				CLANG_ENABLE_OBJC_WEAK = YES;
				CLANG_WARN_BLOCK_CAPTURE_AUTORELEASING = YES;
				CLANG_WARN_BOOL_CONVERSION = YES;
				CLANG_WARN_COMMA = YES;
				CLANG_WARN_CONSTANT_CONVERSION = YES;
				CLANG_WARN_DEPRECATED_OBJC_IMPLEMENTATIONS = YES;
				CLANG_WARN_DIRECT_OBJC_ISA_USAGE = YES_ERROR;
				CLANG_WARN_DOCUMENTATION_COMMENTS = YES;
				CLANG_WARN_EMPTY_BODY = YES;
				CLANG_WARN_ENUM_CONVERSION = YES;
				CLANG_WARN_INFINITE_RECURSION = YES;
				CLANG_WARN_INT_CONVERSION = YES;
				CLANG_WARN_NON_LITERAL_NULL_CONVERSION = YES;
				CLANG_WARN_OBJC_IMPLICIT_RETAIN_SELF = YES;
				CLANG_WARN_OBJC_LITERAL_CONVERSION = YES;
				CLANG_WARN_OBJC_ROOT_CLASS = YES_ERROR;
				CLANG_WARN_QUOTED_INCLUDE_IN_FRAMEWORK_HEADER = YES;
				CLANG_WARN_RANGE_LOOP_ANALYSIS = YES;
				CLANG_WARN_STRICT_PROTOTYPES = YES;
				CLANG_WARN_SUSPICIOUS_MOVE = YES;
				CLANG_WARN_UNGUARDED_AVAILABILITY = YES_AGGRESSIVE;
				CLANG_WARN_UNREACHABLE_CODE = YES;
				CLANG_WARN__DUPLICATE_METHOD_MATCH = YES;
				COPY_PHASE_STRIP = NO;
				DEBUG_INFORMATION_FORMAT = dwarf;
				ENABLE_STRICT_OBJC_MSGSEND = YES;
				ENABLE_TESTABILITY = YES;
				ENABLE_USER_SCRIPT_SANDBOXING = YES;
				GCC_C_LANGUAGE_STANDARD = gnu17;
				GCC_DYNAMIC_NO_PIC = NO;
				GCC_NO_COMMON_BLOCKS = YES;
				GCC_OPTIMIZATION_LEVEL = 0;
				GCC_PREPROCESSOR_DEFINITIONS = (
					"DEBUG=1",
					"$(inherited)",
				);
				GCC_WARN_64_TO_32_BIT_CONVERSION = YES;
				GCC_WARN_ABOUT_RETURN_TYPE = YES_ERROR;
				GCC_WARN_UNDECLARED_SELECTOR = YES;
				GCC_WARN_UNINITIALIZED_AUTOS = YES_AGGRESSIVE;
				GCC_WARN_UNUSED_FUNCTION = YES;
				GCC_WARN_UNUSED_VARIABLE = YES;
				IPHONEOS_DEPLOYMENT_TARGET = 18.5;
				LOCALIZATION_PREFERS_STRING_CATALOGS = YES;
				MTL_ENABLE_DEBUG_INFO = INCLUDE_SOURCE;
				MTL_FAST_MATH = YES;
				ONLY_ACTIVE_ARCH = YES;
				SDKROOT = iphoneos;
				SWIFT_ACTIVE_COMPILATION_CONDITIONS = "DEBUG $(inherited)";
				SWIFT_OPTIMIZATION_LEVEL = "-Onone";
			};
			name = Debug;
		};
		F8D3B6AE2E626C5100C59C08 /* Release */ = {
			isa = XCBuildConfiguration;
			buildSettings = {
				ALWAYS_SEARCH_USER_PATHS = NO;
				ASSETCATALOG_COMPILER_GENERATE_SWIFT_ASSET_SYMBOL_EXTENSIONS = YES;
				CLANG_ANALYZER_NONNULL = YES;
				CLANG_ANALYZER_NUMBER_OBJECT_CONVERSION = YES_AGGRESSIVE;
				CLANG_CXX_LANGUAGE_STANDARD = "gnu++20";
				CLANG_ENABLE_MODULES = YES;
				CLANG_ENABLE_OBJC_ARC = YES;
				CLANG_ENABLE_OBJC_WEAK = YES;
				CLANG_WARN_BLOCK_CAPTURE_AUTORELEASING = YES;
				CLANG_WARN_BOOL_CONVERSION = YES;
				CLANG_WARN_COMMA = YES;
				CLANG_WARN_CONSTANT_CONVERSION = YES;
				CLANG_WARN_DEPRECATED_OBJC_IMPLEMENTATIONS = YES;
				CLANG_WARN_DIRECT_OBJC_ISA_USAGE = YES_ERROR;
				CLANG_WARN_DOCUMENTATION_COMMENTS = YES;
				CLANG_WARN_EMPTY_BODY = YES;
				CLANG_WARN_ENUM_CONVERSION = YES;
				CLANG_WARN_INFINITE_RECURSION = YES;
				CLANG_WARN_INT_CONVERSION = YES;
				CLANG_WARN_NON_LITERAL_NULL_CONVERSION = YES;
				CLANG_WARN_OBJC_IMPLICIT_RETAIN_SELF = YES;
				CLANG_WARN_OBJC_LITERAL_CONVERSION = YES;
				CLANG_WARN_OBJC_ROOT_CLASS = YES_ERROR;
				CLANG_WARN_QUOTED_INCLUDE_IN_FRAMEWORK_HEADER = YES;
				CLANG_WARN_RANGE_LOOP_ANALYSIS = YES;
				CLANG_WARN_STRICT_PROTOTYPES = YES;
				CLANG_WARN_SUSPICIOUS_MOVE = YES;
				CLANG_WARN_UNGUARDED_AVAILABILITY = YES_AGGRESSIVE;
				CLANG_WARN_UNREACHABLE_CODE = YES;
				CLANG_WARN__DUPLICATE_METHOD_MATCH = YES;
				COPY_PHASE_STRIP = NO;
				DEBUG_INFORMATION_FORMAT = "dwarf-with-dsym";
				ENABLE_NS_ASSERTIONS = NO;
				ENABLE_STRICT_OBJC_MSGSEND = YES;
				ENABLE_USER_SCRIPT_SANDBOXING = YES;
				GCC_C_LANGUAGE_STANDARD = gnu17;
				GCC_NO_COMMON_BLOCKS = YES;
				GCC_WARN_64_TO_32_BIT_CONVERSION = YES;
				GCC_WARN_ABOUT_RETURN_TYPE = YES_ERROR;
				GCC_WARN_UNDECLARED_SELECTOR = YES;
				GCC_WARN_UNINITIALIZED_AUTOS = YES_AGGRESSIVE;
				GCC_WARN_UNUSED_FUNCTION = YES;
				GCC_WARN_UNUSED_VARIABLE = YES;
				IPHONEOS_DEPLOYMENT_TARGET = 18.5;
				LOCALIZATION_PREFERS_STRING_CATALOGS = YES;
				MTL_ENABLE_DEBUG_INFO = NO;
				MTL_FAST_MATH = YES;
				SDKROOT = iphoneos;
				SWIFT_COMPILATION_MODE = wholemodule;
				VALIDATE_PRODUCT = YES;
			};
			name = Release;
		};
		F8D3B6B02E626C5100C59C08 /* Debug */ = {
			isa = XCBuildConfiguration;
			baseConfigurationReference = F89FCA8A2E63062B00BB82A7 /* Debug.xcconfig */;
			buildSettings = {
				ASSETCATALOG_COMPILER_APPICON_NAME = AppIcon;
				ASSETCATALOG_COMPILER_GLOBAL_ACCENT_COLOR_NAME = AccentColor;
				CODE_SIGN_STYLE = Automatic;
				CURRENT_PROJECT_VERSION = 1;
				ENABLE_PREVIEWS = YES;
				GENERATE_INFOPLIST_FILE = YES;
				INFOPLIST_FILE = Newsline/Info.plist;
				INFOPLIST_KEY_UIApplicationSceneManifest_Generation = YES;
				INFOPLIST_KEY_UIApplicationSupportsIndirectInputEvents = YES;
				INFOPLIST_KEY_UILaunchScreen_Generation = YES;
				INFOPLIST_KEY_UISupportedInterfaceOrientations_iPad = "UIInterfaceOrientationPortrait UIInterfaceOrientationPortraitUpsideDown UIInterfaceOrientationLandscapeLeft UIInterfaceOrientationLandscapeRight";
				INFOPLIST_KEY_UISupportedInterfaceOrientations_iPhone = "UIInterfaceOrientationPortrait UIInterfaceOrientationLandscapeLeft UIInterfaceOrientationLandscapeRight";
				IPHONEOS_DEPLOYMENT_TARGET = 17.6;
				LD_RUNPATH_SEARCH_PATHS = (
					"$(inherited)",
					"@executable_path/Frameworks",
				);
				MARKETING_VERSION = 1.0;
				PRODUCT_BUNDLE_IDENTIFIER = com.au.immersia.Newsline;
				PRODUCT_NAME = "$(TARGET_NAME)";
				SWIFT_EMIT_LOC_STRINGS = YES;
				SWIFT_VERSION = 5.0;
				TARGETED_DEVICE_FAMILY = "1,2";
			};
			name = Debug;
		};
		F8D3B6B12E626C5100C59C08 /* Release */ = {
			isa = XCBuildConfiguration;
			buildSettings = {
				ASSETCATALOG_COMPILER_APPICON_NAME = AppIcon;
				ASSETCATALOG_COMPILER_GLOBAL_ACCENT_COLOR_NAME = AccentColor;
				CODE_SIGN_STYLE = Automatic;
				CURRENT_PROJECT_VERSION = 1;
				ENABLE_PREVIEWS = YES;
				GENERATE_INFOPLIST_FILE = YES;
				INFOPLIST_FILE = Newsline/Info.plist;
				INFOPLIST_KEY_UIApplicationSceneManifest_Generation = YES;
				INFOPLIST_KEY_UIApplicationSupportsIndirectInputEvents = YES;
				INFOPLIST_KEY_UILaunchScreen_Generation = YES;
				INFOPLIST_KEY_UISupportedInterfaceOrientations_iPad = "UIInterfaceOrientationPortrait UIInterfaceOrientationPortraitUpsideDown UIInterfaceOrientationLandscapeLeft UIInterfaceOrientationLandscapeRight";
				INFOPLIST_KEY_UISupportedInterfaceOrientations_iPhone = "UIInterfaceOrientationPortrait UIInterfaceOrientationLandscapeLeft UIInterfaceOrientationLandscapeRight";
				IPHONEOS_DEPLOYMENT_TARGET = 17.6;
				LD_RUNPATH_SEARCH_PATHS = (
					"$(inherited)",
					"@executable_path/Frameworks",
				);
				MARKETING_VERSION = 1.0;
				PRODUCT_BUNDLE_IDENTIFIER = com.au.immersia.Newsline;
				PRODUCT_NAME = "$(TARGET_NAME)";
				SWIFT_EMIT_LOC_STRINGS = YES;
				SWIFT_VERSION = 5.0;
				TARGETED_DEVICE_FAMILY = "1,2";
			};
			name = Release;
		};
		F8D3B6B32E626C5100C59C08 /* Debug */ = {
			isa = XCBuildConfiguration;
			buildSettings = {
				BUNDLE_LOADER = "$(TEST_HOST)";
				CODE_SIGN_STYLE = Automatic;
				CURRENT_PROJECT_VERSION = 1;
				GENERATE_INFOPLIST_FILE = YES;
				IPHONEOS_DEPLOYMENT_TARGET = 18.5;
				MARKETING_VERSION = 1.0;
				PRODUCT_BUNDLE_IDENTIFIER = com.au.immersia.NewslineTests;
				PRODUCT_NAME = "$(TARGET_NAME)";
				SWIFT_EMIT_LOC_STRINGS = NO;
				SWIFT_VERSION = 5.0;
				TARGETED_DEVICE_FAMILY = "1,2";
				TEST_HOST = "$(BUILT_PRODUCTS_DIR)/Newsline.app/$(BUNDLE_EXECUTABLE_FOLDER_PATH)/Newsline";
			};
			name = Debug;
		};
		F8D3B6B42E626C5100C59C08 /* Release */ = {
			isa = XCBuildConfiguration;
			buildSettings = {
				BUNDLE_LOADER = "$(TEST_HOST)";
				CODE_SIGN_STYLE = Automatic;
				CURRENT_PROJECT_VERSION = 1;
				GENERATE_INFOPLIST_FILE = YES;
				IPHONEOS_DEPLOYMENT_TARGET = 18.5;
				MARKETING_VERSION = 1.0;
				PRODUCT_BUNDLE_IDENTIFIER = com.au.immersia.NewslineTests;
				PRODUCT_NAME = "$(TARGET_NAME)";
				SWIFT_EMIT_LOC_STRINGS = NO;
				SWIFT_VERSION = 5.0;
				TARGETED_DEVICE_FAMILY = "1,2";
				TEST_HOST = "$(BUILT_PRODUCTS_DIR)/Newsline.app/$(BUNDLE_EXECUTABLE_FOLDER_PATH)/Newsline";
			};
			name = Release;
		};
		F8D3B6B62E626C5100C59C08 /* Debug */ = {
			isa = XCBuildConfiguration;
			buildSettings = {
				CODE_SIGN_STYLE = Automatic;
				CURRENT_PROJECT_VERSION = 1;
				GENERATE_INFOPLIST_FILE = YES;
				MARKETING_VERSION = 1.0;
				PRODUCT_BUNDLE_IDENTIFIER = com.au.immersia.NewslineUITests;
				PRODUCT_NAME = "$(TARGET_NAME)";
				SWIFT_EMIT_LOC_STRINGS = NO;
				SWIFT_VERSION = 5.0;
				TARGETED_DEVICE_FAMILY = "1,2";
				TEST_TARGET_NAME = Newsline;
			};
			name = Debug;
		};
		F8D3B6B72E626C5100C59C08 /* Release */ = {
			isa = XCBuildConfiguration;
			buildSettings = {
				CODE_SIGN_STYLE = Automatic;
				CURRENT_PROJECT_VERSION = 1;
				GENERATE_INFOPLIST_FILE = YES;
				MARKETING_VERSION = 1.0;
				PRODUCT_BUNDLE_IDENTIFIER = com.au.immersia.NewslineUITests;
				PRODUCT_NAME = "$(TARGET_NAME)";
				SWIFT_EMIT_LOC_STRINGS = NO;
				SWIFT_VERSION = 5.0;
				TARGETED_DEVICE_FAMILY = "1,2";
				TEST_TARGET_NAME = Newsline;
			};
			name = Release;
		};
/* End XCBuildConfiguration section */

/* Begin XCConfigurationList section */
		F8D3B6872E626C4F00C59C08 /* Build configuration list for PBXProject "Newsline" */ = {
			isa = XCConfigurationList;
			buildConfigurations = (
				F8D3B6AD2E626C5100C59C08 /* Debug */,
				F8D3B6AE2E626C5100C59C08 /* Release */,
			);
			defaultConfigurationIsVisible = 0;
			defaultConfigurationName = Release;
		};
		F8D3B6AF2E626C5100C59C08 /* Build configuration list for PBXNativeTarget "Newsline" */ = {
			isa = XCConfigurationList;
			buildConfigurations = (
				F8D3B6B02E626C5100C59C08 /* Debug */,
				F8D3B6B12E626C5100C59C08 /* Release */,
			);
			defaultConfigurationIsVisible = 0;
			defaultConfigurationName = Release;
		};
		F8D3B6B22E626C5100C59C08 /* Build configuration list for PBXNativeTarget "NewslineTests" */ = {
			isa = XCConfigurationList;
			buildConfigurations = (
				F8D3B6B32E626C5100C59C08 /* Debug */,
				F8D3B6B42E626C5100C59C08 /* Release */,
			);
			defaultConfigurationIsVisible = 0;
			defaultConfigurationName = Release;
		};
		F8D3B6B52E626C5100C59C08 /* Build configuration list for PBXNativeTarget "NewslineUITests" */ = {
			isa = XCConfigurationList;
			buildConfigurations = (
				F8D3B6B62E626C5100C59C08 /* Debug */,
				F8D3B6B72E626C5100C59C08 /* Release */,
			);
			defaultConfigurationIsVisible = 0;
			defaultConfigurationName = Release;
		};
/* End XCConfigurationList section */

/* Begin XCLocalSwiftPackageReference section */
		F830B3B92E6459BD00F8CE28 /* XCLocalSwiftPackageReference "Packages/Features/SourceSelection" */ = {
			isa = XCLocalSwiftPackageReference;
			relativePath = Packages/Features/SourceSelection;
		};
		F8C817652E62760D00A85BEA /* XCLocalSwiftPackageReference "Packages/Network/RestClient" */ = {
			isa = XCLocalSwiftPackageReference;
			relativePath = Packages/Network/RestClient;
		};
/* End XCLocalSwiftPackageReference section */

/* Begin XCSwiftPackageProductDependency section */
		F830B3DB2E645A6800F8CE28 /* SourceSelection */ = {
			isa = XCSwiftPackageProductDependency;
			package = F830B3B92E6459BD00F8CE28 /* XCLocalSwiftPackageReference "Packages/Features/SourceSelection" */;
			productName = SourceSelection;
		};
		F866B9A62E62A5CA00841BE0 /* RestClient */ = {
			isa = XCSwiftPackageProductDependency;
			package = F8C817652E62760D00A85BEA /* XCLocalSwiftPackageReference "Packages/Network/RestClient" */;
			productName = RestClient;
		};
/* End XCSwiftPackageProductDependency section */
	};
	rootObject = F8D3B6842E626C4F00C59C08 /* Project object */;
}
